
Microsoft Visual Studio Solution File, Format Version 12.00
# Visual Studio 15
VisualStudioVersion = 15.0.28307.757
MinimumVisualStudioVersion = 10.0.40219.1
Project("{FAE04EC0-301F-11D3-BF4B-00C04F79EFBC}") = "Server", "Server\Server.csproj", "{2BF914D4-64F0-48B0-8526-27CF785F5C32}"
EndProject
Global
	GlobalSection(SolutionConfigurationPlatforms) = preSolution
		Debug|Any CPU = Debug|Any CPU
		Release|Any CPU = Release|Any CPU
	EndGlobalSection
	GlobalSection(ProjectConfigurationPlatforms) = postSolution
		{2BF914D4-64F0-48B0-8526-27CF785F5C32}.Debug|Any CPU.ActiveCfg = Debug|Any CPU
		{2BF914D4-64F0-48B0-8526-27CF785F5C32}.Debug|Any CPU.Build.0 = Debug|Any CPU
		{2BF914D4-64F0-48B0-8526-27CF785F5C32}.Release|Any CPU.ActiveCfg = Release|Any CPU
		{2BF914D4-64F0-48B0-8526-27CF785F5C32}.Release|Any CPU.Build.0 = Release|Any CPU
	EndGlobalSection
	GlobalSection(SolutionProperties) = preSolution
		HideSolutionNode = FALSE
	EndGlobalSection
	GlobalSection(ExtensibilityGlobals) = postSolution
		SolutionGuid = {F49B7E0F-B063-41C9-8FFB-336B9A76E33F}
	EndGlobalSection
EndGlobal
